{
  "name": "mogura",
  "version": "1.0.0",
  "lockfileVersion": 2,
  "requires": true,
  "packages": {
    "": {
      "version": "1.0.0",
      "license": "ISC",
      "dependencies": {
        "mogurajs": "github:TakutoYoshikai/mogurajs"
      }
    },
    "node_modules/mogurajs": {
      "version": "1.0.0",
      "resolved": "git+ssh://git@github.com/TakutoYoshikai/mogurajs.git#3d2fdebdc250df0fd519cc97cf5a5edbb5ff6032",
      "license": "ISC"
    }
  },
  "dependencies": {
    "mogurajs": {
      "version": "git+ssh://git@github.com/TakutoYoshikai/mogurajs.git#3d2fdebdc250df0fd519cc97cf5a5edbb5ff6032",
      "from": "mogurajs@github:TakutoYoshikai/mogurajs"
    }
  }
}
